
Microsoft Visual Studio Solution File, Format Version 12.00
# Visual Studio 14
VisualStudioVersion = 14.0.25420.1
MinimumVisualStudioVersion = 10.0.40219.1
Project("{8BC9CEB8-8B4A-11D0-8D11-00A0C91BC942}") = "filter_study", "filter_study\filter_study.vcxproj", "{C88D6EB4-1EE5-43E4-866A-2C6C07069B55}"
EndProject
Project("{2150E333-8FDC-42A3-9474-1A3956D46DE8}") = "first", "first", "{DA5B2D42-085E-4668-A514-DB89EDC04B33}"
EndProject
Project("{8BC9CEB8-8B4A-11D0-8D11-00A0C91BC942}") = "control_first", "control_first\control_first.vcxproj", "{AE53E523-B17A-4A5B-9E98-2496DD634AB9}"
EndProject
Project("{2150E333-8FDC-42A3-9474-1A3956D46DE8}") = "second", "second", "{1728E9F2-3AF8-4A71-B9FF-BCDB52F6FFC2}"
EndProject
Project("{8BC9CEB8-8B4A-11D0-8D11-00A0C91BC942}") = "control_second", "control_second\control_second.vcxproj", "{68CAD710-1E02-4345-AE48-1A4E8B7A3A4C}"
EndProject
Project("{8BC9CEB8-8B4A-11D0-8D11-00A0C91BC942}") = "print_study", "print_study\print_study.vcxproj", "{2C928E63-3818-4B27-A591-9A88C15AD153}"
EndProject
Project("{8BC9CEB8-8B4A-11D0-8D11-00A0C91BC942}") = "process_control", "process_control\process_control.vcxproj", "{086CA5DE-6440-4568-ADEB-8FA1EE6EDB62}"
EndProject
Project("{2150E333-8FDC-42A3-9474-1A3956D46DE8}") = "third", "third", "{63B195EA-90F6-4540-8C3D-0149A0807791}"
EndProject
Project("{8BC9CEB8-8B4A-11D0-8D11-00A0C91BC942}") = "control_third", "control_third\control_third.vcxproj", "{1C5A5075-808A-400A-B86E-02469BFB5A23}"
EndProject
Global
	GlobalSection(SolutionConfigurationPlatforms) = preSolution
		Debug|ARM = Debug|ARM
		Debug|ARM64 = Debug|ARM64
		Debug|x64 = Debug|x64
		Debug|x86 = Debug|x86
		Release|ARM = Release|ARM
		Release|ARM64 = Release|ARM64
		Release|x64 = Release|x64
		Release|x86 = Release|x86
	EndGlobalSection
	GlobalSection(ProjectConfigurationPlatforms) = postSolution
		{C88D6EB4-1EE5-43E4-866A-2C6C07069B55}.Debug|ARM.ActiveCfg = Debug|ARM
		{C88D6EB4-1EE5-43E4-866A-2C6C07069B55}.Debug|ARM.Build.0 = Debug|ARM
		{C88D6EB4-1EE5-43E4-866A-2C6C07069B55}.Debug|ARM.Deploy.0 = Debug|ARM
		{C88D6EB4-1EE5-43E4-866A-2C6C07069B55}.Debug|ARM64.ActiveCfg = Debug|ARM64
		{C88D6EB4-1EE5-43E4-866A-2C6C07069B55}.Debug|ARM64.Build.0 = Debug|ARM64
		{C88D6EB4-1EE5-43E4-866A-2C6C07069B55}.Debug|ARM64.Deploy.0 = Debug|ARM64
		{C88D6EB4-1EE5-43E4-866A-2C6C07069B55}.Debug|x64.ActiveCfg = Debug|x64
		{C88D6EB4-1EE5-43E4-866A-2C6C07069B55}.Debug|x64.Build.0 = Debug|x64
		{C88D6EB4-1EE5-43E4-866A-2C6C07069B55}.Debug|x64.Deploy.0 = Debug|x64
		{C88D6EB4-1EE5-43E4-866A-2C6C07069B55}.Debug|x86.ActiveCfg = Debug|Win32
		{C88D6EB4-1EE5-43E4-866A-2C6C07069B55}.Debug|x86.Build.0 = Debug|Win32
		{C88D6EB4-1EE5-43E4-866A-2C6C07069B55}.Debug|x86.Deploy.0 = Debug|Win32
		{C88D6EB4-1EE5-43E4-866A-2C6C07069B55}.Release|ARM.ActiveCfg = Release|ARM
		{C88D6EB4-1EE5-43E4-866A-2C6C07069B55}.Release|ARM.Build.0 = Release|ARM
		{C88D6EB4-1EE5-43E4-866A-2C6C07069B55}.Release|ARM.Deploy.0 = Release|ARM
		{C88D6EB4-1EE5-43E4-866A-2C6C07069B55}.Release|ARM64.ActiveCfg = Release|ARM64
		{C88D6EB4-1EE5-43E4-866A-2C6C07069B55}.Release|ARM64.Build.0 = Release|ARM64
		{C88D6EB4-1EE5-43E4-866A-2C6C07069B55}.Release|ARM64.Deploy.0 = Release|ARM64
		{C88D6EB4-1EE5-43E4-866A-2C6C07069B55}.Release|x64.ActiveCfg = Release|x64
		{C88D6EB4-1EE5-43E4-866A-2C6C07069B55}.Release|x64.Build.0 = Release|x64
		{C88D6EB4-1EE5-43E4-866A-2C6C07069B55}.Release|x64.Deploy.0 = Release|x64
		{C88D6EB4-1EE5-43E4-866A-2C6C07069B55}.Release|x86.ActiveCfg = Release|Win32
		{C88D6EB4-1EE5-43E4-866A-2C6C07069B55}.Release|x86.Build.0 = Release|Win32
		{C88D6EB4-1EE5-43E4-866A-2C6C07069B55}.Release|x86.Deploy.0 = Release|Win32
		{AE53E523-B17A-4A5B-9E98-2496DD634AB9}.Debug|ARM.ActiveCfg = Debug|Win32
		{AE53E523-B17A-4A5B-9E98-2496DD634AB9}.Debug|ARM64.ActiveCfg = Debug|Win32
		{AE53E523-B17A-4A5B-9E98-2496DD634AB9}.Debug|x64.ActiveCfg = Debug|x64
		{AE53E523-B17A-4A5B-9E98-2496DD634AB9}.Debug|x64.Build.0 = Debug|x64
		{AE53E523-B17A-4A5B-9E98-2496DD634AB9}.Debug|x86.ActiveCfg = Debug|Win32
		{AE53E523-B17A-4A5B-9E98-2496DD634AB9}.Debug|x86.Build.0 = Debug|Win32
		{AE53E523-B17A-4A5B-9E98-2496DD634AB9}.Release|ARM.ActiveCfg = Release|Win32
		{AE53E523-B17A-4A5B-9E98-2496DD634AB9}.Release|ARM64.ActiveCfg = Release|Win32
		{AE53E523-B17A-4A5B-9E98-2496DD634AB9}.Release|x64.ActiveCfg = Release|x64
		{AE53E523-B17A-4A5B-9E98-2496DD634AB9}.Release|x64.Build.0 = Release|x64
		{AE53E523-B17A-4A5B-9E98-2496DD634AB9}.Release|x86.ActiveCfg = Release|Win32
		{AE53E523-B17A-4A5B-9E98-2496DD634AB9}.Release|x86.Build.0 = Release|Win32
		{68CAD710-1E02-4345-AE48-1A4E8B7A3A4C}.Debug|ARM.ActiveCfg = Debug|Win32
		{68CAD710-1E02-4345-AE48-1A4E8B7A3A4C}.Debug|ARM64.ActiveCfg = Debug|Win32
		{68CAD710-1E02-4345-AE48-1A4E8B7A3A4C}.Debug|x64.ActiveCfg = Debug|x64
		{68CAD710-1E02-4345-AE48-1A4E8B7A3A4C}.Debug|x64.Build.0 = Debug|x64
		{68CAD710-1E02-4345-AE48-1A4E8B7A3A4C}.Debug|x86.ActiveCfg = Debug|Win32
		{68CAD710-1E02-4345-AE48-1A4E8B7A3A4C}.Debug|x86.Build.0 = Debug|Win32
		{68CAD710-1E02-4345-AE48-1A4E8B7A3A4C}.Release|ARM.ActiveCfg = Release|Win32
		{68CAD710-1E02-4345-AE48-1A4E8B7A3A4C}.Release|ARM64.ActiveCfg = Release|Win32
		{68CAD710-1E02-4345-AE48-1A4E8B7A3A4C}.Release|x64.ActiveCfg = Release|x64
		{68CAD710-1E02-4345-AE48-1A4E8B7A3A4C}.Release|x64.Build.0 = Release|x64
		{68CAD710-1E02-4345-AE48-1A4E8B7A3A4C}.Release|x86.ActiveCfg = Release|Win32
		{68CAD710-1E02-4345-AE48-1A4E8B7A3A4C}.Release|x86.Build.0 = Release|Win32
		{2C928E63-3818-4B27-A591-9A88C15AD153}.Debug|ARM.ActiveCfg = Debug|ARM
		{2C928E63-3818-4B27-A591-9A88C15AD153}.Debug|ARM.Build.0 = Debug|ARM
		{2C928E63-3818-4B27-A591-9A88C15AD153}.Debug|ARM.Deploy.0 = Debug|ARM
		{2C928E63-3818-4B27-A591-9A88C15AD153}.Debug|ARM64.ActiveCfg = Debug|ARM64
		{2C928E63-3818-4B27-A591-9A88C15AD153}.Debug|ARM64.Build.0 = Debug|ARM64
		{2C928E63-3818-4B27-A591-9A88C15AD153}.Debug|ARM64.Deploy.0 = Debug|ARM64
		{2C928E63-3818-4B27-A591-9A88C15AD153}.Debug|x64.ActiveCfg = Debug|x64
		{2C928E63-3818-4B27-A591-9A88C15AD153}.Debug|x64.Build.0 = Debug|x64
		{2C928E63-3818-4B27-A591-9A88C15AD153}.Debug|x64.Deploy.0 = Debug|x64
		{2C928E63-3818-4B27-A591-9A88C15AD153}.Debug|x86.ActiveCfg = Debug|Win32
		{2C928E63-3818-4B27-A591-9A88C15AD153}.Debug|x86.Build.0 = Debug|Win32
		{2C928E63-3818-4B27-A591-9A88C15AD153}.Debug|x86.Deploy.0 = Debug|Win32
		{2C928E63-3818-4B27-A591-9A88C15AD153}.Release|ARM.ActiveCfg = Release|ARM
		{2C928E63-3818-4B27-A591-9A88C15AD153}.Release|ARM.Build.0 = Release|ARM
		{2C928E63-3818-4B27-A591-9A88C15AD153}.Release|ARM.Deploy.0 = Release|ARM
		{2C928E63-3818-4B27-A591-9A88C15AD153}.Release|ARM64.ActiveCfg = Release|ARM64
		{2C928E63-3818-4B27-A591-9A88C15AD153}.Release|ARM64.Build.0 = Release|ARM64
		{2C928E63-3818-4B27-A591-9A88C15AD153}.Release|ARM64.Deploy.0 = Release|ARM64
		{2C928E63-3818-4B27-A591-9A88C15AD153}.Release|x64.ActiveCfg = Release|x64
		{2C928E63-3818-4B27-A591-9A88C15AD153}.Release|x64.Build.0 = Release|x64
		{2C928E63-3818-4B27-A591-9A88C15AD153}.Release|x64.Deploy.0 = Release|x64
		{2C928E63-3818-4B27-A591-9A88C15AD153}.Release|x86.ActiveCfg = Release|Win32
		{2C928E63-3818-4B27-A591-9A88C15AD153}.Release|x86.Build.0 = Release|Win32
		{2C928E63-3818-4B27-A591-9A88C15AD153}.Release|x86.Deploy.0 = Release|Win32
		{086CA5DE-6440-4568-ADEB-8FA1EE6EDB62}.Debug|ARM.ActiveCfg = Debug|ARM
		{086CA5DE-6440-4568-ADEB-8FA1EE6EDB62}.Debug|ARM.Build.0 = Debug|ARM
		{086CA5DE-6440-4568-ADEB-8FA1EE6EDB62}.Debug|ARM.Deploy.0 = Debug|ARM
		{086CA5DE-6440-4568-ADEB-8FA1EE6EDB62}.Debug|ARM64.ActiveCfg = Debug|ARM64
		{086CA5DE-6440-4568-ADEB-8FA1EE6EDB62}.Debug|ARM64.Build.0 = Debug|ARM64
		{086CA5DE-6440-4568-ADEB-8FA1EE6EDB62}.Debug|ARM64.Deploy.0 = Debug|ARM64
		{086CA5DE-6440-4568-ADEB-8FA1EE6EDB62}.Debug|x64.ActiveCfg = Debug|x64
		{086CA5DE-6440-4568-ADEB-8FA1EE6EDB62}.Debug|x64.Build.0 = Debug|x64
		{086CA5DE-6440-4568-ADEB-8FA1EE6EDB62}.Debug|x64.Deploy.0 = Debug|x64
		{086CA5DE-6440-4568-ADEB-8FA1EE6EDB62}.Debug|x86.ActiveCfg = Debug|Win32
		{086CA5DE-6440-4568-ADEB-8FA1EE6EDB62}.Debug|x86.Build.0 = Debug|Win32
		{086CA5DE-6440-4568-ADEB-8FA1EE6EDB62}.Debug|x86.Deploy.0 = Debug|Win32
		{086CA5DE-6440-4568-ADEB-8FA1EE6EDB62}.Release|ARM.ActiveCfg = Release|ARM
		{086CA5DE-6440-4568-ADEB-8FA1EE6EDB62}.Release|ARM.Build.0 = Release|ARM
		{086CA5DE-6440-4568-ADEB-8FA1EE6EDB62}.Release|ARM.Deploy.0 = Release|ARM
		{086CA5DE-6440-4568-ADEB-8FA1EE6EDB62}.Release|ARM64.ActiveCfg = Release|ARM64
		{086CA5DE-6440-4568-ADEB-8FA1EE6EDB62}.Release|ARM64.Build.0 = Release|ARM64
		{086CA5DE-6440-4568-ADEB-8FA1EE6EDB62}.Release|ARM64.Deploy.0 = Release|ARM64
		{086CA5DE-6440-4568-ADEB-8FA1EE6EDB62}.Release|x64.ActiveCfg = Release|x64
		{086CA5DE-6440-4568-ADEB-8FA1EE6EDB62}.Release|x64.Build.0 = Release|x64
		{086CA5DE-6440-4568-ADEB-8FA1EE6EDB62}.Release|x64.Deploy.0 = Release|x64
		{086CA5DE-6440-4568-ADEB-8FA1EE6EDB62}.Release|x86.ActiveCfg = Release|Win32
		{086CA5DE-6440-4568-ADEB-8FA1EE6EDB62}.Release|x86.Build.0 = Release|Win32
		{086CA5DE-6440-4568-ADEB-8FA1EE6EDB62}.Release|x86.Deploy.0 = Release|Win32
		{1C5A5075-808A-400A-B86E-02469BFB5A23}.Debug|ARM.ActiveCfg = Debug|Win32
		{1C5A5075-808A-400A-B86E-02469BFB5A23}.Debug|ARM64.ActiveCfg = Debug|Win32
		{1C5A5075-808A-400A-B86E-02469BFB5A23}.Debug|x64.ActiveCfg = Debug|x64
		{1C5A5075-808A-400A-B86E-02469BFB5A23}.Debug|x64.Build.0 = Debug|x64
		{1C5A5075-808A-400A-B86E-02469BFB5A23}.Debug|x86.ActiveCfg = Debug|Win32
		{1C5A5075-808A-400A-B86E-02469BFB5A23}.Debug|x86.Build.0 = Debug|Win32
		{1C5A5075-808A-400A-B86E-02469BFB5A23}.Release|ARM.ActiveCfg = Release|Win32
		{1C5A5075-808A-400A-B86E-02469BFB5A23}.Release|ARM64.ActiveCfg = Release|Win32
		{1C5A5075-808A-400A-B86E-02469BFB5A23}.Release|x64.ActiveCfg = Release|x64
		{1C5A5075-808A-400A-B86E-02469BFB5A23}.Release|x64.Build.0 = Release|x64
		{1C5A5075-808A-400A-B86E-02469BFB5A23}.Release|x86.ActiveCfg = Release|Win32
		{1C5A5075-808A-400A-B86E-02469BFB5A23}.Release|x86.Build.0 = Release|Win32
	EndGlobalSection
	GlobalSection(SolutionProperties) = preSolution
		HideSolutionNode = FALSE
	EndGlobalSection
	GlobalSection(NestedProjects) = preSolution
		{C88D6EB4-1EE5-43E4-866A-2C6C07069B55} = {DA5B2D42-085E-4668-A514-DB89EDC04B33}
		{AE53E523-B17A-4A5B-9E98-2496DD634AB9} = {DA5B2D42-085E-4668-A514-DB89EDC04B33}
		{68CAD710-1E02-4345-AE48-1A4E8B7A3A4C} = {1728E9F2-3AF8-4A71-B9FF-BCDB52F6FFC2}
		{2C928E63-3818-4B27-A591-9A88C15AD153} = {1728E9F2-3AF8-4A71-B9FF-BCDB52F6FFC2}
		{086CA5DE-6440-4568-ADEB-8FA1EE6EDB62} = {63B195EA-90F6-4540-8C3D-0149A0807791}
		{1C5A5075-808A-400A-B86E-02469BFB5A23} = {63B195EA-90F6-4540-8C3D-0149A0807791}
	EndGlobalSection
EndGlobal
